Microsoft Visual Studio Solution File, Format Version 12.00
# Visual Studio Version 17
VisualStudioVersion = 17.5.2.0
MinimumVisualStudioVersion = 10.0.40219.1
Project("{FAE04EC0-301F-11D3-BF4B-00C04F79EFBC}") = "Bestiary", "Bestiary\Bestiary.csproj", "{2141D81B-C47F-7433-3E04-C87B911283EA}"
EndProject
Global
	GlobalSection(SolutionConfigurationPlatforms) = preSolution
		Debug|Any CPU = Debug|Any CPU
		Release|Any CPU = Release|Any CPU
	EndGlobalSection
	GlobalSection(ProjectConfigurationPlatforms) = postSolution
		{2141D81B-C47F-7433-3E04-C87B911283EA}.Debug|Any CPU.ActiveCfg = Debug|Any CPU
		{2141D81B-C47F-7433-3E04-C87B911283EA}.Debug|Any CPU.Build.0 = Debug|Any CPU
		{2141D81B-C47F-7433-3E04-C87B911283EA}.Release|Any CPU.ActiveCfg = Release|Any CPU
		{2141D81B-C47F-7433-3E04-C87B911283EA}.Release|Any CPU.Build.0 = Release|Any CPU
	EndGlobalSection
	GlobalSection(SolutionProperties) = preSolution
		HideSolutionNode = FALSE
	EndGlobalSection
	GlobalSection(ExtensibilityGlobals) = postSolution
		SolutionGuid = {37551AE0-4112-4B58-86C4-6B4A9E82ECEC}
	EndGlobalSection
EndGlobal
